
Microsoft Visual Studio Solution File, Format Version 12.00
# Visual Studio Version 18
VisualStudioVersion = 18.10.12201.205 stable
MinimumVisualStudioVersion = 10.0.40219.1
Project("{9A19103F-16F7-4668-BE54-9A1E7A4F7556}") = "FietsParkeren.ApiClient", "FietsParkeren.ApiClient\FietsParkeren.ApiClient.csproj", "{EB111556-5EE7-40AF-A6D2-65F0BB42AB90}"
EndProject
Project("{2150E333-8FDC-42A3-9474-1A3956D46DE8}") = "Cartomatic", "Cartomatic", "{AC1F05A5-4188-4F3B-A937-4F83DDA41BC5}"
EndProject
Project("{FAE04EC0-301F-11D3-BF4B-00C04F79EFBC}") = "Cartomatic.Utils", "..\..\cartomatic\Cartomatic.Utils\Cartomatic.Utils\Cartomatic.Utils.csproj", "{9E1669CD-4FAD-025D-190A-E3B56F0E5788}"
EndProject
Global
	GlobalSection(SolutionConfigurationPlatforms) = preSolution
		Debug|Any CPU = Debug|Any CPU
		Release|Any CPU = Release|Any CPU
	EndGlobalSection
	GlobalSection(ProjectConfigurationPlatforms) = postSolution
		{EB111556-5EE7-40AF-A6D2-65F0BB42AB90}.Debug|Any CPU.ActiveCfg = Debug|Any CPU
		{EB111556-5EE7-40AF-A6D2-65F0BB42AB90}.Debug|Any CPU.Build.0 = Debug|Any CPU
		{EB111556-5EE7-40AF-A6D2-65F0BB42AB90}.Release|Any CPU.ActiveCfg = Release|Any CPU
		{EB111556-5EE7-40AF-A6D2-65F0BB42AB90}.Release|Any CPU.Build.0 = Release|Any CPU
		{9E1669CD-4FAD-025D-190A-E3B56F0E5788}.Debug|Any CPU.ActiveCfg = Debug|Any CPU
		{9E1669CD-4FAD-025D-190A-E3B56F0E5788}.Debug|Any CPU.Build.0 = Debug|Any CPU
		{9E1669CD-4FAD-025D-190A-E3B56F0E5788}.Release|Any CPU.ActiveCfg = Release|Any CPU
		{9E1669CD-4FAD-025D-190A-E3B56F0E5788}.Release|Any CPU.Build.0 = Release|Any CPU
	EndGlobalSection
	GlobalSection(SolutionProperties) = preSolution
		HideSolutionNode = FALSE
	EndGlobalSection
	GlobalSection(NestedProjects) = preSolution
		{9E1669CD-4FAD-025D-190A-E3B56F0E5788} = {AC1F05A5-4188-4F3B-A937-4F83DDA41BC5}
	EndGlobalSection
	GlobalSection(ExtensibilityGlobals) = postSolution
		SolutionGuid = {B48F4CFD-CC61-492E-8084-62C669399E6D}
	EndGlobalSection
EndGlobal
